
Microsoft Visual Studio Solution File, Format Version 12.00
# Visual Studio Version 17
VisualStudioVersion = 17.4.33122.133
MinimumVisualStudioVersion = 10.0.40219.1
Project("{FAE04EC0-301F-11D3-BF4B-00C04F79EFBC}") = "KinectMouseV1", "KinectMouseV1\KinectMouseV1.csproj", "{575211F5-4E75-4BD5-AA3D-6ADB3BC97E6B}"
EndProject
Global
	GlobalSection(SolutionConfigurationPlatforms) = preSolution
		Debug|Any CPU = Debug|Any CPU
		Release|Any CPU = Release|Any CPU
	EndGlobalSection
	GlobalSection(ProjectConfigurationPlatforms) = postSolution
		{575211F5-4E75-4BD5-AA3D-6ADB3BC97E6B}.Debug|Any CPU.ActiveCfg = Debug|Any CPU
		{575211F5-4E75-4BD5-AA3D-6ADB3BC97E6B}.Debug|Any CPU.Build.0 = Debug|Any CPU
		{575211F5-4E75-4BD5-AA3D-6ADB3BC97E6B}.Release|Any CPU.ActiveCfg = Release|Any CPU
		{575211F5-4E75-4BD5-AA3D-6ADB3BC97E6B}.Release|Any CPU.Build.0 = Release|Any CPU
	EndGlobalSection
	GlobalSection(SolutionProperties) = preSolution
		HideSolutionNode = FALSE
	EndGlobalSection
	GlobalSection(ExtensibilityGlobals) = postSolution
		SolutionGuid = {1FDD2A66-7606-4098-BBB7-942EF1293D3D}
	EndGlobalSection
EndGlobal
